
Microsoft Visual Studio Solution File, Format Version 12.00
# Visual Studio Version 17
VisualStudioVersion = 17.5.002.0
MinimumVisualStudioVersion = 10.0.40219.1
Project("{9A19103F-16F7-4668-BE54-9A1E7A4F7556}") = "Dates", "Dates.csproj", "{D4809D3A-0315-4832-B90C-9A79A616A257}"
EndProject
Global
	GlobalSection(SolutionConfigurationPlatforms) = preSolution
		Debug|Any CPU = Debug|Any CPU
		Release|Any CPU = Release|Any CPU
	EndGlobalSection
	GlobalSection(ProjectConfigurationPlatforms) = postSolution
		{D4809D3A-0315-4832-B90C-9A79A616A257}.Debug|Any CPU.ActiveCfg = Debug|Any CPU
		{D4809D3A-0315-4832-B90C-9A79A616A257}.Debug|Any CPU.Build.0 = Debug|Any CPU
		{D4809D3A-0315-4832-B90C-9A79A616A257}.Release|Any CPU.ActiveCfg = Release|Any CPU
		{D4809D3A-0315-4832-B90C-9A79A616A257}.Release|Any CPU.Build.0 = Release|Any CPU
	EndGlobalSection
	GlobalSection(SolutionProperties) = preSolution
		HideSolutionNode = FALSE
	EndGlobalSection
	GlobalSection(ExtensibilityGlobals) = postSolution
		SolutionGuid = {E90A3C72-F30B-486D-99AC-3CF243D23A9F}
	EndGlobalSection
EndGlobal
